
Microsoft Visual Studio Solution File, Format Version 12.00
# Visual Studio Version 17
VisualStudioVersion = 17.7.34024.191
MinimumVisualStudioVersion = 10.0.40219.1
Project("{FAE04EC0-301F-11D3-BF4B-00C04F79EFBC}") = "MVCCRUD", "MVCCRUD.csproj", "{FEA508FB-59DA-4459-BD7E-9A3282B49FAD}"
EndProject
Global
	GlobalSection(SolutionConfigurationPlatforms) = preSolution
		Debug|Any CPU = Debug|Any CPU
		Release|Any CPU = Release|Any CPU
	EndGlobalSection
	GlobalSection(ProjectConfigurationPlatforms) = postSolution
		{FEA508FB-59DA-4459-BD7E-9A3282B49FAD}.Debug|Any CPU.ActiveCfg = Debug|Any CPU
		{FEA508FB-59DA-4459-BD7E-9A3282B49FAD}.Debug|Any CPU.Build.0 = Debug|Any CPU
		{FEA508FB-59DA-4459-BD7E-9A3282B49FAD}.Release|Any CPU.ActiveCfg = Release|Any CPU
		{FEA508FB-59DA-4459-BD7E-9A3282B49FAD}.Release|Any CPU.Build.0 = Release|Any CPU
	EndGlobalSection
	GlobalSection(SolutionProperties) = preSolution
		HideSolutionNode = FALSE
	EndGlobalSection
	GlobalSection(ExtensibilityGlobals) = postSolution
		SolutionGuid = {5D30B0A1-CFA4-4C1A-93F4-37497E0CA96B}
	EndGlobalSection
EndGlobal
